github.com/deepgram/deepgram-go-sdk v1.9.0 h1:FlJ1iJ//+Cz0goWGWU/Ms2jjM/wMBqyNAk+5bcAsptU=
github.com/deepgram/deepgram-go-sdk v1.9.0/go.mod h1:il+6HLmvxa47EG12LG6VwzaHcyI8Lo+yfBsOcDq3R8s=
github.com/deepgram/deepgram-go-sdk/v3 v3.7.0 h1:5rbwcq50x+o+k9C/gw+7FEb4Q2kJn8Yq8ypIHN+FuAk=
github.com/deepgram/deepgram-go-sdk/v3 v3.7.0/go.mod h1:wVr0PDvlJFWVLUmf65u+K80SJVf/PUWvkFFubGPW/As=
github.com/dvonthenen/websocket v1.5.1-dyv.2 h1:OXlWJJkeHt8k4+MEI0Y8SQjY2ihHYD2z/tI7sZZfsnA=
github.com/dvonthenen/websocket v1.5.1-dyv.2/go.mod h1:q2GbopbpFJvBP4iqVvqwwahVmvu2HnCfdqCWDoQVKMM=
github.com/fatih/color v1.15.0 h1:kOqh6YHBtK8aywxGerMG2Eq3H6Qgoqeo13Bk2Mv/nBs=
github.com/fatih/color v1.15.0/go.mod h1:0h5ZqXfHYED7Bhv2ZJamyIOUej9KtShiJESRwBDUSsw=
github.com/go-logr/logr v1.3.0 h1:2y3SDp0ZXuc6/cjLSZ+Q3ir+QB9T/iG5yYRXqsagWSY=
github.com/go-logr/logr v1.3.0/go.mod h1:9T104GzyrTigFIr8wt5mBrctHMim0Nb2HLGrmQ40KvY=
github.com/google/uuid v1.6.0 h1:NIvaJDMOsjHA8n1jAhLSgzrAzy1Hgr+hNrb57e+94F0=
github.com/google/uuid v1.6.0/go.mod h1:TIyPZe4MgqvfeYDBFedMoGGpEw/LqOeaOT+nhxU+yHo=
github.com/gopherjs/gopherjs v0.0.0-20181017120253-0766667cb4d1/go.mod h1:wJfORRmW1u3UXTncJ5qlYoELFm8eSnnEO6hX4iZ3EWY=
github.com/gorilla/schema v1.3.0 h1:rbciOzXAx3IB8stEFnfTwO3sYa6EWlQk79XdyustPDA=
github.com/gorilla/schema v1.3.0/go.mod h1:Dg5SSm5PV60mhF2NFaTV1xuYYj8tV8NOPRo4FggUMnM=
github.com/hokaccha/go-prettyjson v0.0.0-20211117102719-0474bc63780f h1:7LYC+Yfkj3CTRcShK0KOL/w6iTiKyqqBA9a41Wnggw8=
github.com/hokaccha/go-prettyjson v0.0.0-20211117102719-0474bc63780f/go.mod h1:pFlLw2CfqZiIBOx6BuCeRLCrfxBJipTY0nIOF/VbGcI=
github.com/joho/godotenv v1.5.1 h1:7eLL/+HRGLY0ldzfGMeQkb7vMd0as4CfYvUVzLqw0N0=
github.com/joho/godotenv v1.5.1/go.mod h1:f4LDr5Voq0i2e/R5DDNOoa2zzDfwtkZa6DnEwAbqwq4=
github.com/jtolds/gls v4.20.0+incompatible/go.mod h1:QJZ7F/aHp+rZTRtaJ1ow/lLfFfVYBRgL+9YlvaHOwJU=
github.com/k3a/html2text v1.4.0 h1:e4xarrVgZST+h+5C/fbA6AI49VFDSlEWMmIcDWcxsd0=
github.com/k3a/html2text v1.4.0/go.mod h1:ieEXykM67iT8lTvEWBh6fhpH4B23kB9OMKPdIBmgUqA=
github.com/mattn/go-colorable v0.1.13 h1:fFA4WZxdEF4tXPZVKMLwD8oUnCTTo08duU7wxecdEvA=
github.com/mattn/go-colorable v0.1.13/go.mod h1:7S9/ev0klgBDR4GtXTXX8a3vIGJpMovkB8vQcUbaXHg=
github.com/mattn/go-isatty v0.0.16/go.mod h1:kYGgaQfpe5nmfYZH+SKPsOc2e4SrIfOl2e/yFXSvRLM=
github.com/mattn/go-isatty v0.0.17 h1:BTarxUcIeDqL27Mc+vyvdWYSL28zpIhv3RoTdsLMPng=
github.com/mattn/go-isatty v0.0.17/go.mod h1:kYGgaQfpe5nmfYZH+SKPsOc2e4SrIfOl2e/yFXSvRLM=
github.com/smartystreets/assertions v0.0.0-20180927180507-b2de0cb4f26d/go.mod h1:OnSkiWE9lh6wB0YB77sQom3nweQdgAjqCqsofrRNTgc=
github.com/smartystreets/goconvey v1.6.4/go.mod h1:syvi0/a8iFYH4r/RixwvyeAJjdLS9QV7WQ/tjFTllLA=
github.com/supabase-community/functions-go v0.0.0-20220927045802-22373e6cb51d h1:LOrsumaZy615ai37h9RjUIygpSubX+F+6rDct1LIag0=
github.com/supabase-community/functions-go v0.0.0-20220927045802-22373e6cb51d/go.mod h1:nnIju6x3+OZSojtGQCQzu0h3kv4HdIZk+UWCnNxtSak=
github.com/supabase-community/gotrue-go v1.2.0 h1:Zm7T5q3qbuwPgC6xyomOBKrSb7X5dvmjDZEmNST7MoE=
github.com/supabase-community/gotrue-go v1.2.0/go.mod h1:86DXBiAUNcbCfgbeOPEh0PQxScLfowUbYgakETSFQOw=
github.com/supabase-community/postgrest-go v0.0.11 h1:717GTUMfLJxSBuAeEQG2MuW5Q62Id+YrDjvjprTSErg=
github.com/supabase-community/postgrest-go v0.0.11/go.mod h1:cw6LfzMyK42AOSBA1bQ/HZ381trIJyuui2GWhraW7Cc=
github.com/supabase-community/storage-go v0.7.0 h1:cJ8HLbbnL54H5rHPtHfiwtpRwcbDfA3in9HL/ucHnqA=
github.com/supabase-community/storage-go v0.7.0/go.mod h1:oBKcJf5rcUXy3Uj9eS5wR6mvpwbmvkjOtAA+4tGcdvQ=
github.com/supabase-community/storage-go v0.8.1 h1:EwD0vr+ADBIjBWH8G69AxWuvdFhifv64cfE/sjRky6I=
github.com/supabase-community/storage-go v0.8.1/go.mod h1:oBKcJf5rcUXy3Uj9eS5wR6mvpwbmvkjOtAA+4tGcdvQ=
github.com/supabase-community/supabase-go v0.0.4 h1:sxMenbq6N8a3z9ihNpN3lC2FL3E1YuTQsjX09VPRp+U=
github.com/supabase-community/supabase-go v0.0.4/go.mod h1:SSHsXoOlc+sq8XeXaf0D3gE2pwrq5bcUfzm0+08u/o8=
github.com/tomnomnom/linkheader v0.0.0-20180905144013-02ca5825eb80 h1:nrZ3ySNYwJbSpD6ce9duiP+QkD3JuLCcWkdaehUS/3Y=
github.com/tomnomnom/linkheader v0.0.0-20180905144013-02ca5825eb80/go.mod h1:iFyPdL66DjUD96XmzVL3ZntbzcflLnznH0fr99w5VqE=
golang.org/x/crypto v0.0.0-20190308221718-c2843e01d9a2/go.mod h1:djNgcEr1/C05ACkg1iLfiJU5Ep61QUkGW8qpdssI0+w=
golang.org/x/net v0.0.0-20190311183353-d8887717615a/go.mod h1:t9HGtf8HONx5eT2rtn7q6eTqICYqUVnKs3thJo3Qplg=
golang.org/x/sys v0.0.0-20190215142949-d0b11bdaac8a/go.mod h1:STP8DvDyc/dI5b8T5hshtkjS+E42TnysNCUPdjciGhY=
golang.org/x/sys v0.0.0-20220811171246-fbc7d0a398ab/go.mod h1:oPkhp1MJrh7nUepCBck5+mAzfO9JrbApNNgaTdGDITg=
golang.org/x/sys v0.6.0 h1:MVltZSvRTcU2ljQOhs94SXPftV6DCNnZViHeQps87pQ=
golang.org/x/sys v0.6.0/go.mod h1:oPkhp1MJrh7nUepCBck5+mAzfO9JrbApNNgaTdGDITg=
golang.org/x/text v0.3.0/go.mod h1:NqM8EUOU14njkJ3fqMW+pc6Ldnwhi/IjpwHt7yyuwOQ=
golang.org/x/tools v0.0.0-20190328211700-ab21143f2384/go.mod h1:LCzVGOaR6xXOjkQ3onu1FJEFr0SW1gC7cKk1uF8kGRs=
k8s.io/klog/v2 v2.110.1 h1:U/Af64HJf7FcwMcXyKm2RPM22WZzyR7OSpYj5tg3cL0=
k8s.io/klog/v2 v2.110.1/go.mod h1:YGtd1984u+GgbuZ7e08/yBuAfKLSO0+uR1Fhi6ExXjo=
